{
  "name": "modules",
  "lockfileVersion": 3,
  "requires": true,
  "packages": {
    "": {
      "dependencies": {
        "@nuwcdivnpt/stig-manager-client-modules": "^1.4.1",
        "chart.js": "^4.4.2",
        "serialize-error": "^11.0.0"
      }
    },
    "node_modules/@kurkle/color": {
      "version": "0.3.2",
      "resolved": "https://registry.npmjs.org/@kurkle/color/-/color-0.3.2.tgz",
      "integrity": "sha512-fuscdXJ9G1qb7W8VdHi+IwRqij3lBkosAm4ydQtEmbY58OzHXqQhvlxqEkoz0yssNVn38bcpRWgA9PP+OGoisw=="
    },
    "node_modules/@nuwcdivnpt/stig-manager-client-modules": {
      "version": "1.4.1",
      "resolved": "https://registry.npmjs.org/@nuwcdivnpt/stig-manager-client-modules/-/stig-manager-client-modules-1.4.1.tgz",
      "integrity": "sha512-Zd0l9v4JdjnmCtMGPlj7d3vuA7iwXWW6Cw91pKopC6RG6Pf0uL5HhF2FOKNJUgqa4drrlAl5/lFI8aRYK30cag==",
      "hasInstallScript": true
    },
    "node_modules/chart.js": {
      "version": "4.4.2",
      "resolved": "https://registry.npmjs.org/chart.js/-/chart.js-4.4.2.tgz",
      "integrity": "sha512-6GD7iKwFpP5kbSD4MeRRRlTnQvxfQREy36uEtm1hzHzcOqwWx0YEHuspuoNlslu+nciLIB7fjjsHkUv/FzFcOg==",
      "dependencies": {
        "@kurkle/color": "^0.3.0"
      },
      "engines": {
        "pnpm": ">=8"
      }
    },
    "node_modules/serialize-error": {
      "version": "11.0.3",
      "resolved": "https://registry.npmjs.org/serialize-error/-/serialize-error-11.0.3.tgz",
      "integrity": "sha512-2G2y++21dhj2R7iHAdd0FIzjGwuKZld+7Pl/bTU6YIkrC2ZMbVUjm+luj6A6V34Rv9XfKJDKpTWu9W4Gse1D9g==",
      "dependencies": {
        "type-fest": "^2.12.2"
      },
      "engines": {
        "node": ">=14.16"
      },
      "funding": {
        "url": "https://github.com/sponsors/sindresorhus"
      }
    },
    "node_modules/type-fest": {
      "version": "2.19.0",
      "resolved": "https://registry.npmjs.org/type-fest/-/type-fest-2.19.0.tgz",
      "integrity": "sha512-RAH822pAdBgcNMAfWnCBU3CFZcfZ/i1eZjwFU/dsLKumyuuP3niueg2UAukXYF0E2AAoc82ZSSf9J0WQBinzHA==",
      "engines": {
        "node": ">=12.20"
      },
      "funding": {
        "url": "https://github.com/sponsors/sindresorhus"
      }
    }
  }
}
